
Microsoft Visual Studio Solution File, Format Version 12.00
# Visual Studio Version 17
VisualStudioVersion = 17.13.35825.156 d17.13
MinimumVisualStudioVersion = 10.0.40219.1
Project("{FAE04EC0-301F-11D3-BF4B-00C04F79EFBC}") = "ApiAzureDevOpsPipeline", "ApiAzureDevOpsPipeline\ApiAzureDevOpsPipeline.csproj", "{C45D1C1D-CE5A-4438-9022-50834B859954}"
EndProject
Global
	GlobalSection(SolutionConfigurationPlatforms) = preSolution
		Debug|Any CPU = Debug|Any CPU
		Release|Any CPU = Release|Any CPU
	EndGlobalSection
	GlobalSection(ProjectConfigurationPlatforms) = postSolution
		{C45D1C1D-CE5A-4438-9022-50834B859954}.Debug|Any CPU.ActiveCfg = Debug|Any CPU
		{C45D1C1D-CE5A-4438-9022-50834B859954}.Debug|Any CPU.Build.0 = Debug|Any CPU
		{C45D1C1D-CE5A-4438-9022-50834B859954}.Release|Any CPU.ActiveCfg = Release|Any CPU
		{C45D1C1D-CE5A-4438-9022-50834B859954}.Release|Any CPU.Build.0 = Release|Any CPU
	EndGlobalSection
	GlobalSection(SolutionProperties) = preSolution
		HideSolutionNode = FALSE
	EndGlobalSection
	GlobalSection(ExtensibilityGlobals) = postSolution
		SolutionGuid = {A57F70E6-C21D-4FDC-844F-33FDC8709953}
	EndGlobalSection
EndGlobal
